{
  "name": "angular-elements-in-html",
  "lockfileVersion": 2,
  "requires": true,
  "packages": {
    "": {
      "dependencies": {
        "element-one": "0.0.3",
        "element-three": "^0.0.0",
        "element-two": "^0.0.1"
      }
    },
    "node_modules/@angular/animations": {
      "version": "12.2.9",
      "resolved": "https://registry.npmjs.org/@angular/animations/-/animations-12.2.9.tgz",
      "integrity": "sha512-duGhAuXw4OtgnWi5KqS/qnnWDtvG3jbPjjalTMhFPHHdUl7p3pJ2sM9WX7Fqp3QPnxBnQ+vdgQYbfUQ7c/g2cA==",
      "dependencies": {
        "tslib": "^2.2.0"
      },
      "engines": {
        "node": "^12.14.1 || >=14.0.0"
      },
      "peerDependencies": {
        "@angular/core": "12.2.9"
      }
    },
    "node_modules/@angular/common": {
      "version": "12.2.9",
      "resolved": "https://registry.npmjs.org/@angular/common/-/common-12.2.9.tgz",
      "integrity": "sha512-V7leBrq80CSJWHWVE3LEL6Z6onP2ibsITY3++86Uddz8AxzfOtNRslbs4/qCWc82nT7CIEn8a28NLP/BdOwNew==",
      "dependencies": {
        "tslib": "^2.2.0"
      },
      "engines": {
        "node": "^12.14.1 || >=14.0.0"
      },
      "peerDependencies": {
        "@angular/core": "12.2.9",
        "rxjs": "^6.5.3 || ^7.0.0"
      }
    },
    "node_modules/@angular/compiler": {
      "version": "12.2.9",
      "resolved": "https://registry.npmjs.org/@angular/compiler/-/compiler-12.2.9.tgz",
      "integrity": "sha512-87Qn8HuQ+6ECUnapQxpgIvwuUs6i1oM6lmLSKrYe0/WpIzTabB30eXWCKfvqYrv516cMdrq+nLCIXJx1tPqzSw==",
      "dependencies": {
        "tslib": "^2.2.0"
      },
      "engines": {
        "node": "^12.14.1 || >=14.0.0"
      }
    },
    "node_modules/@angular/core": {
      "version": "12.2.9",
      "resolved": "https://registry.npmjs.org/@angular/core/-/core-12.2.9.tgz",
      "integrity": "sha512-RgUmn0YM4GMcViTEkWxDVGCyz8+subF+98dJie+bwJszATMxRK2TSINEg2X/Y0LgNxpRt4mKzIK2kz62oaDH7g==",
      "dependencies": {
        "tslib": "^2.2.0"
      },
      "engines": {
        "node": "^12.14.1 || >=14.0.0"
      },
      "peerDependencies": {
        "rxjs": "^6.5.3 || ^7.0.0",
        "zone.js": "~0.11.4"
      }
    },
    "node_modules/@angular/elements": {
      "version": "12.2.9",
      "resolved": "https://registry.npmjs.org/@angular/elements/-/elements-12.2.9.tgz",
      "integrity": "sha512-hfwa0RrKlj8VC3rhYzb75sXpBn5YuSbs+k9p/Av/RrmuoaXVidhxFyqP8ydz17hQy0q1f0fjgQbjy3j+wQOU5Q==",
      "dependencies": {
        "tslib": "^2.2.0"
      },
      "engines": {
        "node": "^12.14.1 || >=14.0.0"
      },
      "peerDependencies": {
        "@angular/core": "12.2.9",
        "@angular/platform-browser": "12.2.9",
        "rxjs": "^6.5.3 || ^7.0.0"
      }
    },
    "node_modules/@angular/forms": {
      "version": "12.2.9",
      "resolved": "https://registry.npmjs.org/@angular/forms/-/forms-12.2.9.tgz",
      "integrity": "sha512-DugLX9h/hmphjdx0wGOp9koEpzFZpcMiYXfYO2rLyzc1NwopAcbSJTCvU+adfShZgh/b5v+7rb5n10JROj/ODw==",
      "dependencies": {
        "tslib": "^2.2.0"
      },
      "engines": {
        "node": "^12.14.1 || >=14.0.0"
      },
      "peerDependencies": {
        "@angular/common": "12.2.9",
        "@angular/core": "12.2.9",
        "@angular/platform-browser": "12.2.9",
        "rxjs": "^6.5.3 || ^7.0.0"
      }
    },
    "node_modules/@angular/platform-browser": {
      "version": "12.2.9",
      "resolved": "https://registry.npmjs.org/@angular/platform-browser/-/platform-browser-12.2.9.tgz",
      "integrity": "sha512-moO5Fz4b15EWYQthOaQThmy0gm/d5W/+9RmCiZs2ZHiVjuC358lnFy626VdkZmJ/MLwMwqHpyQS9JhCYOZGOdw==",
      "dependencies": {
        "tslib": "^2.2.0"
      },
      "engines": {
        "node": "^12.14.1 || >=14.0.0"
      },
      "peerDependencies": {
        "@angular/animations": "12.2.9",
        "@angular/common": "12.2.9",
        "@angular/core": "12.2.9"
      },
      "peerDependenciesMeta": {
        "@angular/animations": {
          "optional": true
        }
      }
    },
    "node_modules/@angular/platform-browser-dynamic": {
      "version": "12.2.9",
      "resolved": "https://registry.npmjs.org/@angular/platform-browser-dynamic/-/platform-browser-dynamic-12.2.9.tgz",
      "integrity": "sha512-bBNsq2rrL08IaVCps9j54iu3Xoxf1PkjtbEyP5EqXbjccsF7KDM32+5Cjjf0AwYtzaWbjXPSP7awAXpCCsqSdA==",
      "dependencies": {
        "tslib": "^2.2.0"
      },
      "engines": {
        "node": "^12.14.1 || >=14.0.0"
      },
      "peerDependencies": {
        "@angular/common": "12.2.9",
        "@angular/compiler": "12.2.9",
        "@angular/core": "12.2.9",
        "@angular/platform-browser": "12.2.9"
      }
    },
    "node_modules/@angular/router": {
      "version": "12.2.9",
      "resolved": "https://registry.npmjs.org/@angular/router/-/router-12.2.9.tgz",
      "integrity": "sha512-Qh7Ugh6N7PIK4+ydRPHiKy8Q3wlB/ieXVyqYgkNfGFZ+QtNHpWgWBUXJuGPnmKk0Yn02EwSPOuPWEHV92rayhw==",
      "dependencies": {
        "tslib": "^2.2.0"
      },
      "engines": {
        "node": "^12.14.1 || >=14.0.0"
      },
      "peerDependencies": {
        "@angular/common": "12.2.9",
        "@angular/core": "12.2.9",
        "@angular/platform-browser": "12.2.9",
        "rxjs": "^6.5.3 || ^7.0.0"
      }
    },
    "node_modules/commander": {
      "version": "2.20.3",
      "resolved": "https://registry.npmjs.org/commander/-/commander-2.20.3.tgz",
      "integrity": "sha512-GpVkmM8vF2vQUkj2LvZmD35JxeJOLCwJ9cUkugyk2nuhbv3+mJvpLYYt+0+USMxE+oj+ey/lJEnhZw75x/OMcQ=="
    },
    "node_modules/concat": {
      "version": "1.0.3",
      "resolved": "https://registry.npmjs.org/concat/-/concat-1.0.3.tgz",
      "integrity": "sha1-QPM1MInWVGdpXLGIa0Xt1jfYzKg=",
      "dependencies": {
        "commander": "^2.9.0"
      },
      "bin": {
        "concat": "bin/concat"
      },
      "engines": {
        "node": ">=6"
      }
    },
    "node_modules/document-register-element": {
      "version": "1.14.10",
      "resolved": "https://registry.npmjs.org/document-register-element/-/document-register-element-1.14.10.tgz",
      "integrity": "sha512-w5UA37hEIrs+9pruo2yR5UD13c4UHDlkqqjt4qurnp7QsBI9b1IOi8WXUim+aCqKBsENX3Z/cso7XMOuwJH1Yw==",
      "deprecated": "V0 is gone and the best V1 polyfill is now @ungap/custom-elements"
    },
    "node_modules/element-one": {
      "version": "0.0.3",
      "resolved": "https://registry.npmjs.org/element-one/-/element-one-0.0.3.tgz",
      "integrity": "sha512-sRSfwHdTKzOWE04bBvri6x96aL1vd372d2OTnhJvcUVo+hhTdN7Crz9zf/iojVYWemyWSzuIu7+C7Xz8ARraQQ==",
      "dependencies": {
        "@angular/animations": "~12.2.0",
        "@angular/common": "~12.2.0",
        "@angular/compiler": "~12.2.0",
        "@angular/core": "~12.2.0",
        "@angular/elements": "^12.2.9",
        "@angular/forms": "~12.2.0",
        "@angular/platform-browser": "~12.2.0",
        "@angular/platform-browser-dynamic": "~12.2.0",
        "@angular/router": "~12.2.0",
        "concat": "^1.0.3",
        "document-register-element": "^1.7.2",
        "rxjs": "~6.6.0",
        "tslib": "^2.3.0",
        "zone.js": "~0.11.4"
      }
    },
    "node_modules/element-three": {
      "version": "0.0.0",
      "resolved": "https://registry.npmjs.org/element-three/-/element-three-0.0.0.tgz",
      "integrity": "sha512-q4r33fCSejO84tI/JO0tZ7DhOGocJjgSmMvJhu2ZIi4vUxfIErOxs37cCkVT0owpCqexl24yV2XGk7vAP+2R1w==",
      "dependencies": {
        "@angular/animations": "~12.2.0",
        "@angular/common": "~12.2.0",
        "@angular/compiler": "~12.2.0",
        "@angular/core": "~12.2.0",
        "@angular/elements": "^12.2.9",
        "@angular/forms": "~12.2.0",
        "@angular/platform-browser": "~12.2.0",
        "@angular/platform-browser-dynamic": "~12.2.0",
        "@angular/router": "~12.2.0",
        "concat": "^1.0.3",
        "document-register-element": "^1.7.2",
        "rxjs": "~6.6.0",
        "tslib": "^2.3.0",
        "zone.js": "~0.11.4"
      }
    },
    "node_modules/element-two": {
      "version": "0.0.1",
      "resolved": "https://registry.npmjs.org/element-two/-/element-two-0.0.1.tgz",
      "integrity": "sha512-2QDxGfh84jAZJenDoruvEOuXyW7ufxv9TGHKaGbae4oDbcVbNHfie1oyDVnjvD/Elt1p4bwk2yzYtS/NQCC5sw==",
      "dependencies": {
        "@angular/animations": "~12.2.0",
        "@angular/common": "~12.2.0",
        "@angular/compiler": "~12.2.0",
        "@angular/core": "~12.2.0",
        "@angular/elements": "^12.2.10",
        "@angular/forms": "~12.2.0",
        "@angular/platform-browser": "~12.2.0",
        "@angular/platform-browser-dynamic": "~12.2.0",
        "@angular/router": "~12.2.0",
        "concat": "^1.0.3",
        "document-register-element": "^1.7.2",
        "rxjs": "~6.6.0",
        "tslib": "^2.3.0",
        "zone.js": "~0.11.4"
      }
    },
    "node_modules/element-two/node_modules/@angular/animations": {
      "version": "12.2.10",
      "resolved": "https://registry.npmjs.org/@angular/animations/-/animations-12.2.10.tgz",
      "integrity": "sha512-K1WT3m/StW5a4SE9wKT+D7eteyWK+MW3pAwFPaKH8EU9k6dItlLr3jWZsve5w2u/GLSnrOMGJNU/JmTfskV9LA==",
      "dependencies": {
        "tslib": "^2.2.0"
      },
      "engines": {
        "node": "^12.14.1 || >=14.0.0"
      },
      "peerDependencies": {
        "@angular/core": "12.2.10"
      }
    },
    "node_modules/element-two/node_modules/@angular/common": {
      "version": "12.2.10",
      "resolved": "https://registry.npmjs.org/@angular/common/-/common-12.2.10.tgz",
      "integrity": "sha512-7IjD0frrKG/nt3/fo4mKDH0Tx5Nn8f2G8Ks/aq6xnJssy/V841COjua0ZyfPOkPS1r0VEaQJB5ieqMrp2T6MWg==",
      "dependencies": {
        "tslib": "^2.2.0"
      },
      "engines": {
        "node": "^12.14.1 || >=14.0.0"
      },
      "peerDependencies": {
        "@angular/core": "12.2.10",
        "rxjs": "^6.5.3 || ^7.0.0"
      }
    },
    "node_modules/element-two/node_modules/@angular/core": {
      "version": "12.2.10",
      "resolved": "https://registry.npmjs.org/@angular/core/-/core-12.2.10.tgz",
      "integrity": "sha512-xG1IbmEAV7gWpiY2MSFc87MlmB3yff8/TAlSE8Tj2ZFzb1lFjeFnrZ1y50Hi2AcVyX/KA1mx/RyJ0M7fmQ1ayw==",
      "dependencies": {
        "tslib": "^2.2.0"
      },
      "engines": {
        "node": "^12.14.1 || >=14.0.0"
      },
      "peerDependencies": {
        "rxjs": "^6.5.3 || ^7.0.0",
        "zone.js": "~0.11.4"
      }
    },
    "node_modules/element-two/node_modules/@angular/elements": {
      "version": "12.2.10",
      "resolved": "https://registry.npmjs.org/@angular/elements/-/elements-12.2.10.tgz",
      "integrity": "sha512-ePn9mjtuRA2OLukOSetSGRNajJ259FUD3NGCFvQObLWZ9K6xtSck94j/kMJjXtwEQrvSG8X7qicUECuEw53GIA==",
      "dependencies": {
        "tslib": "^2.2.0"
      },
      "engines": {
        "node": "^12.14.1 || >=14.0.0"
      },
      "peerDependencies": {
        "@angular/core": "12.2.10",
        "@angular/platform-browser": "12.2.10",
        "rxjs": "^6.5.3 || ^7.0.0"
      }
    },
    "node_modules/element-two/node_modules/@angular/platform-browser": {
      "version": "12.2.10",
      "resolved": "https://registry.npmjs.org/@angular/platform-browser/-/platform-browser-12.2.10.tgz",
      "integrity": "sha512-2pYoscOJijbqFsnYpKX6o4ojt4XfZiNhODTf9RDOPVKjVqFsRNVThg76kdKtN+N8q6N1z4I01x6aX4EeWqQqIA==",
      "dependencies": {
        "tslib": "^2.2.0"
      },
      "engines": {
        "node": "^12.14.1 || >=14.0.0"
      },
      "peerDependencies": {
        "@angular/animations": "12.2.10",
        "@angular/common": "12.2.10",
        "@angular/core": "12.2.10"
      },
      "peerDependenciesMeta": {
        "@angular/animations": {
          "optional": true
        }
      }
    },
    "node_modules/rxjs": {
      "version": "6.6.7",
      "resolved": "https://registry.npmjs.org/rxjs/-/rxjs-6.6.7.tgz",
      "integrity": "sha512-hTdwr+7yYNIT5n4AMYp85KA6yw2Va0FLa3Rguvbpa4W3I5xynaBZo41cM3XM+4Q6fRMj3sBYIR1VAmZMXYJvRQ==",
      "dependencies": {
        "tslib": "^1.9.0"
      },
      "engines": {
        "npm": ">=2.0.0"
      }
    },
    "node_modules/rxjs/node_modules/tslib": {
      "version": "1.14.1",
      "resolved": "https://registry.npmjs.org/tslib/-/tslib-1.14.1.tgz",
      "integrity": "sha512-Xni35NKzjgMrwevysHTCArtLDpPvye8zV/0E4EyYn43P7/7qvQwPh9BGkHewbMulVntbigmcT7rdX3BNo9wRJg=="
    },
    "node_modules/tslib": {
      "version": "2.3.1",
      "resolved": "https://registry.npmjs.org/tslib/-/tslib-2.3.1.tgz",
      "integrity": "sha512-77EbyPPpMz+FRFRuAFlWMtmgUWGe9UOG2Z25NqCwiIjRhOf5iKGuzSe5P2w1laq+FkRy4p+PCuVkJSGkzTEKVw=="
    },
    "node_modules/zone.js": {
      "version": "0.11.4",
      "resolved": "https://registry.npmjs.org/zone.js/-/zone.js-0.11.4.tgz",
      "integrity": "sha512-DDh2Ab+A/B+9mJyajPjHFPWfYU1H+pdun4wnnk0OcQTNjem1XQSZ2CDW+rfZEUDjv5M19SBqAkjZi0x5wuB5Qw==",
      "dependencies": {
        "tslib": "^2.0.0"
      }
    }
  },
  "dependencies": {
    "@angular/animations": {
      "version": "12.2.9",
      "resolved": "https://registry.npmjs.org/@angular/animations/-/animations-12.2.9.tgz",
      "integrity": "sha512-duGhAuXw4OtgnWi5KqS/qnnWDtvG3jbPjjalTMhFPHHdUl7p3pJ2sM9WX7Fqp3QPnxBnQ+vdgQYbfUQ7c/g2cA==",
      "requires": {
        "tslib": "^2.2.0"
      }
    },
    "@angular/common": {
      "version": "12.2.9",
      "resolved": "https://registry.npmjs.org/@angular/common/-/common-12.2.9.tgz",
      "integrity": "sha512-V7leBrq80CSJWHWVE3LEL6Z6onP2ibsITY3++86Uddz8AxzfOtNRslbs4/qCWc82nT7CIEn8a28NLP/BdOwNew==",
      "requires": {
        "tslib": "^2.2.0"
      }
    },
    "@angular/compiler": {
      "version": "12.2.9",
      "resolved": "https://registry.npmjs.org/@angular/compiler/-/compiler-12.2.9.tgz",
      "integrity": "sha512-87Qn8HuQ+6ECUnapQxpgIvwuUs6i1oM6lmLSKrYe0/WpIzTabB30eXWCKfvqYrv516cMdrq+nLCIXJx1tPqzSw==",
      "requires": {
        "tslib": "^2.2.0"
      }
    },
    "@angular/core": {
      "version": "12.2.9",
      "resolved": "https://registry.npmjs.org/@angular/core/-/core-12.2.9.tgz",
      "integrity": "sha512-RgUmn0YM4GMcViTEkWxDVGCyz8+subF+98dJie+bwJszATMxRK2TSINEg2X/Y0LgNxpRt4mKzIK2kz62oaDH7g==",
      "requires": {
        "tslib": "^2.2.0"
      }
    },
    "@angular/elements": {
      "version": "12.2.9",
      "resolved": "https://registry.npmjs.org/@angular/elements/-/elements-12.2.9.tgz",
      "integrity": "sha512-hfwa0RrKlj8VC3rhYzb75sXpBn5YuSbs+k9p/Av/RrmuoaXVidhxFyqP8ydz17hQy0q1f0fjgQbjy3j+wQOU5Q==",
      "requires": {
        "tslib": "^2.2.0"
      }
    },
    "@angular/forms": {
      "version": "12.2.9",
      "resolved": "https://registry.npmjs.org/@angular/forms/-/forms-12.2.9.tgz",
      "integrity": "sha512-DugLX9h/hmphjdx0wGOp9koEpzFZpcMiYXfYO2rLyzc1NwopAcbSJTCvU+adfShZgh/b5v+7rb5n10JROj/ODw==",
      "requires": {
        "tslib": "^2.2.0"
      }
    },
    "@angular/platform-browser": {
      "version": "12.2.9",
      "resolved": "https://registry.npmjs.org/@angular/platform-browser/-/platform-browser-12.2.9.tgz",
      "integrity": "sha512-moO5Fz4b15EWYQthOaQThmy0gm/d5W/+9RmCiZs2ZHiVjuC358lnFy626VdkZmJ/MLwMwqHpyQS9JhCYOZGOdw==",
      "requires": {
        "tslib": "^2.2.0"
      }
    },
    "@angular/platform-browser-dynamic": {
      "version": "12.2.9",
      "resolved": "https://registry.npmjs.org/@angular/platform-browser-dynamic/-/platform-browser-dynamic-12.2.9.tgz",
      "integrity": "sha512-bBNsq2rrL08IaVCps9j54iu3Xoxf1PkjtbEyP5EqXbjccsF7KDM32+5Cjjf0AwYtzaWbjXPSP7awAXpCCsqSdA==",
      "requires": {
        "tslib": "^2.2.0"
      }
    },
    "@angular/router": {
      "version": "12.2.9",
      "resolved": "https://registry.npmjs.org/@angular/router/-/router-12.2.9.tgz",
      "integrity": "sha512-Qh7Ugh6N7PIK4+ydRPHiKy8Q3wlB/ieXVyqYgkNfGFZ+QtNHpWgWBUXJuGPnmKk0Yn02EwSPOuPWEHV92rayhw==",
      "requires": {
        "tslib": "^2.2.0"
      }
    },
    "commander": {
      "version": "2.20.3",
      "resolved": "https://registry.npmjs.org/commander/-/commander-2.20.3.tgz",
      "integrity": "sha512-GpVkmM8vF2vQUkj2LvZmD35JxeJOLCwJ9cUkugyk2nuhbv3+mJvpLYYt+0+USMxE+oj+ey/lJEnhZw75x/OMcQ=="
    },
    "concat": {
      "version": "1.0.3",
      "resolved": "https://registry.npmjs.org/concat/-/concat-1.0.3.tgz",
      "integrity": "sha1-QPM1MInWVGdpXLGIa0Xt1jfYzKg=",
      "requires": {
        "commander": "^2.9.0"
      }
    },
    "document-register-element": {
      "version": "1.14.10",
      "resolved": "https://registry.npmjs.org/document-register-element/-/document-register-element-1.14.10.tgz",
      "integrity": "sha512-w5UA37hEIrs+9pruo2yR5UD13c4UHDlkqqjt4qurnp7QsBI9b1IOi8WXUim+aCqKBsENX3Z/cso7XMOuwJH1Yw=="
    },
    "element-one": {
      "version": "0.0.3",
      "resolved": "https://registry.npmjs.org/element-one/-/element-one-0.0.3.tgz",
      "integrity": "sha512-sRSfwHdTKzOWE04bBvri6x96aL1vd372d2OTnhJvcUVo+hhTdN7Crz9zf/iojVYWemyWSzuIu7+C7Xz8ARraQQ==",
      "requires": {
        "@angular/animations": "~12.2.0",
        "@angular/common": "~12.2.0",
        "@angular/compiler": "~12.2.0",
        "@angular/core": "~12.2.0",
        "@angular/elements": "^12.2.9",
        "@angular/forms": "~12.2.0",
        "@angular/platform-browser": "~12.2.0",
        "@angular/platform-browser-dynamic": "~12.2.0",
        "@angular/router": "~12.2.0",
        "concat": "^1.0.3",
        "document-register-element": "^1.7.2",
        "rxjs": "~6.6.0",
        "tslib": "^2.3.0",
        "zone.js": "~0.11.4"
      }
    },
    "element-three": {
      "version": "0.0.0",
      "resolved": "https://registry.npmjs.org/element-three/-/element-three-0.0.0.tgz",
      "integrity": "sha512-q4r33fCSejO84tI/JO0tZ7DhOGocJjgSmMvJhu2ZIi4vUxfIErOxs37cCkVT0owpCqexl24yV2XGk7vAP+2R1w==",
      "requires": {
        "@angular/animations": "~12.2.0",
        "@angular/common": "~12.2.0",
        "@angular/compiler": "~12.2.0",
        "@angular/core": "~12.2.0",
        "@angular/elements": "^12.2.9",
        "@angular/forms": "~12.2.0",
        "@angular/platform-browser": "~12.2.0",
        "@angular/platform-browser-dynamic": "~12.2.0",
        "@angular/router": "~12.2.0",
        "concat": "^1.0.3",
        "document-register-element": "^1.7.2",
        "rxjs": "~6.6.0",
        "tslib": "^2.3.0",
        "zone.js": "~0.11.4"
      }
    },
    "element-two": {
      "version": "0.0.1",
      "resolved": "https://registry.npmjs.org/element-two/-/element-two-0.0.1.tgz",
      "integrity": "sha512-2QDxGfh84jAZJenDoruvEOuXyW7ufxv9TGHKaGbae4oDbcVbNHfie1oyDVnjvD/Elt1p4bwk2yzYtS/NQCC5sw==",
      "requires": {
        "@angular/animations": "~12.2.0",
        "@angular/common": "~12.2.0",
        "@angular/compiler": "~12.2.0",
        "@angular/core": "~12.2.0",
        "@angular/elements": "^12.2.10",
        "@angular/forms": "~12.2.0",
        "@angular/platform-browser": "~12.2.0",
        "@angular/platform-browser-dynamic": "~12.2.0",
        "@angular/router": "~12.2.0",
        "concat": "^1.0.3",
        "document-register-element": "^1.7.2",
        "rxjs": "~6.6.0",
        "tslib": "^2.3.0",
        "zone.js": "~0.11.4"
      },
      "dependencies": {
        "@angular/animations": {
          "version": "12.2.10",
          "resolved": "https://registry.npmjs.org/@angular/animations/-/animations-12.2.10.tgz",
          "integrity": "sha512-K1WT3m/StW5a4SE9wKT+D7eteyWK+MW3pAwFPaKH8EU9k6dItlLr3jWZsve5w2u/GLSnrOMGJNU/JmTfskV9LA==",
          "requires": {
            "tslib": "^2.2.0"
          }
        },
        "@angular/common": {
          "version": "12.2.10",
          "resolved": "https://registry.npmjs.org/@angular/common/-/common-12.2.10.tgz",
          "integrity": "sha512-7IjD0frrKG/nt3/fo4mKDH0Tx5Nn8f2G8Ks/aq6xnJssy/V841COjua0ZyfPOkPS1r0VEaQJB5ieqMrp2T6MWg==",
          "requires": {
            "tslib": "^2.2.0"
          }
        },
        "@angular/core": {
          "version": "12.2.10",
          "resolved": "https://registry.npmjs.org/@angular/core/-/core-12.2.10.tgz",
          "integrity": "sha512-xG1IbmEAV7gWpiY2MSFc87MlmB3yff8/TAlSE8Tj2ZFzb1lFjeFnrZ1y50Hi2AcVyX/KA1mx/RyJ0M7fmQ1ayw==",
          "requires": {
            "tslib": "^2.2.0"
          }
        },
        "@angular/elements": {
          "version": "12.2.10",
          "resolved": "https://registry.npmjs.org/@angular/elements/-/elements-12.2.10.tgz",
          "integrity": "sha512-ePn9mjtuRA2OLukOSetSGRNajJ259FUD3NGCFvQObLWZ9K6xtSck94j/kMJjXtwEQrvSG8X7qicUECuEw53GIA==",
          "requires": {
            "tslib": "^2.2.0"
          }
        },
        "@angular/platform-browser": {
          "version": "12.2.10",
          "resolved": "https://registry.npmjs.org/@angular/platform-browser/-/platform-browser-12.2.10.tgz",
          "integrity": "sha512-2pYoscOJijbqFsnYpKX6o4ojt4XfZiNhODTf9RDOPVKjVqFsRNVThg76kdKtN+N8q6N1z4I01x6aX4EeWqQqIA==",
          "requires": {
            "tslib": "^2.2.0"
          }
        }
      }
    },
    "rxjs": {
      "version": "6.6.7",
      "resolved": "https://registry.npmjs.org/rxjs/-/rxjs-6.6.7.tgz",
      "integrity": "sha512-hTdwr+7yYNIT5n4AMYp85KA6yw2Va0FLa3Rguvbpa4W3I5xynaBZo41cM3XM+4Q6fRMj3sBYIR1VAmZMXYJvRQ==",
      "requires": {
        "tslib": "^1.9.0"
      },
      "dependencies": {
        "tslib": {
          "version": "1.14.1",
          "resolved": "https://registry.npmjs.org/tslib/-/tslib-1.14.1.tgz",
          "integrity": "sha512-Xni35NKzjgMrwevysHTCArtLDpPvye8zV/0E4EyYn43P7/7qvQwPh9BGkHewbMulVntbigmcT7rdX3BNo9wRJg=="
        }
      }
    },
    "tslib": {
      "version": "2.3.1",
      "resolved": "https://registry.npmjs.org/tslib/-/tslib-2.3.1.tgz",
      "integrity": "sha512-77EbyPPpMz+FRFRuAFlWMtmgUWGe9UOG2Z25NqCwiIjRhOf5iKGuzSe5P2w1laq+FkRy4p+PCuVkJSGkzTEKVw=="
    },
    "zone.js": {
      "version": "0.11.4",
      "resolved": "https://registry.npmjs.org/zone.js/-/zone.js-0.11.4.tgz",
      "integrity": "sha512-DDh2Ab+A/B+9mJyajPjHFPWfYU1H+pdun4wnnk0OcQTNjem1XQSZ2CDW+rfZEUDjv5M19SBqAkjZi0x5wuB5Qw==",
      "requires": {
        "tslib": "^2.0.0"
      }
    }
  }
}
